
Microsoft Visual Studio Solution File, Format Version 12.00
# Visual Studio 15
VisualStudioVersion = 15.0.28307.271
MinimumVisualStudioVersion = 10.0.40219.1
Project("{FAE04EC0-301F-11D3-BF4B-00C04F79EFBC}") = "ProLernParser", "ProLernParser\ProLernParser.csproj", "{5C506DF8-FAB1-4532-BC0B-55DA1DE74100}"
EndProject
Project("{FAE04EC0-301F-11D3-BF4B-00C04F79EFBC}") = "ProLernEditor", "ProLernEditor\ProLernEditor.csproj", "{E8D1A22A-85D7-425E-91A3-7B59F6F890E2}"
EndProject
Global
	GlobalSection(SolutionConfigurationPlatforms) = preSolution
		Debug|Any CPU = Debug|Any CPU
		Release|Any CPU = Release|Any CPU
	EndGlobalSection
	GlobalSection(ProjectConfigurationPlatforms) = postSolution
		{5C506DF8-FAB1-4532-BC0B-55DA1DE74100}.Debug|Any CPU.ActiveCfg = Debug|Any CPU
		{5C506DF8-FAB1-4532-BC0B-55DA1DE74100}.Debug|Any CPU.Build.0 = Debug|Any CPU
		{5C506DF8-FAB1-4532-BC0B-55DA1DE74100}.Release|Any CPU.ActiveCfg = Release|Any CPU
		{5C506DF8-FAB1-4532-BC0B-55DA1DE74100}.Release|Any CPU.Build.0 = Release|Any CPU
		{E8D1A22A-85D7-425E-91A3-7B59F6F890E2}.Debug|Any CPU.ActiveCfg = Debug|Any CPU
		{E8D1A22A-85D7-425E-91A3-7B59F6F890E2}.Debug|Any CPU.Build.0 = Debug|Any CPU
		{E8D1A22A-85D7-425E-91A3-7B59F6F890E2}.Release|Any CPU.ActiveCfg = Release|Any CPU
		{E8D1A22A-85D7-425E-91A3-7B59F6F890E2}.Release|Any CPU.Build.0 = Release|Any CPU
	EndGlobalSection
	GlobalSection(SolutionProperties) = preSolution
		HideSolutionNode = FALSE
	EndGlobalSection
	GlobalSection(ExtensibilityGlobals) = postSolution
		SolutionGuid = {B2BB9A1B-0BCB-48DE-9764-90888407EF7A}
	EndGlobalSection
EndGlobal
